
Microsoft Visual Studio Solution File, Format Version 12.00
Project("{FAE04EC0-301F-11D3-BF4B-00C04F79EFBC}") = "Eindopdracht-CSharp", "Eindopdracht-CSharp\Eindopdracht-CSharp.csproj", "{A444B0B8-BCDE-4733-8F8D-57EE407DB019}"
EndProject
Global
	GlobalSection(SolutionConfigurationPlatforms) = preSolution
		Debug|Any CPU = Debug|Any CPU
		Release|Any CPU = Release|Any CPU
	EndGlobalSection
	GlobalSection(ProjectConfigurationPlatforms) = postSolution
		{A444B0B8-BCDE-4733-8F8D-57EE407DB019}.Debug|Any CPU.ActiveCfg = Debug|Any CPU
		{A444B0B8-BCDE-4733-8F8D-57EE407DB019}.Debug|Any CPU.Build.0 = Debug|Any CPU
		{A444B0B8-BCDE-4733-8F8D-57EE407DB019}.Release|Any CPU.ActiveCfg = Release|Any CPU
		{A444B0B8-BCDE-4733-8F8D-57EE407DB019}.Release|Any CPU.Build.0 = Release|Any CPU
	EndGlobalSection
EndGlobal
